
Microsoft Visual Studio Solution File, Format Version 12.00
# Visual Studio Version 17
VisualStudioVersion = 17.6.33815.320
MinimumVisualStudioVersion = 10.0.40219.1
Project("{FAE04EC0-301F-11D3-BF4B-00C04F79EFBC}") = "Vision_Metering.Data", "Vision_Metering.Data\Vision_Metering.Data.csproj", "{397E0E45-0DE5-44D5-9460-484D32356AEB}"
EndProject
Project("{FAE04EC0-301F-11D3-BF4B-00C04F79EFBC}") = "Vision_Metering.Options", "Vision_Metering.Options\Vision_Metering.Options.csproj", "{7858EAD9-7B84-479F-A9B2-2E749B197A81}"
EndProject
Project("{FAE04EC0-301F-11D3-BF4B-00C04F79EFBC}") = "Vision_Metering.Service", "Vision_Metering.Service\Vision_Metering.Service.csproj", "{266898B4-53E4-4625-8B10-548D62159066}"
EndProject
Global
	GlobalSection(SolutionConfigurationPlatforms) = preSolution
		Debug|Any CPU = Debug|Any CPU
		Release|Any CPU = Release|Any CPU
	EndGlobalSection
	GlobalSection(ProjectConfigurationPlatforms) = postSolution
		{397E0E45-0DE5-44D5-9460-484D32356AEB}.Debug|Any CPU.ActiveCfg = Debug|Any CPU
		{397E0E45-0DE5-44D5-9460-484D32356AEB}.Debug|Any CPU.Build.0 = Debug|Any CPU
		{397E0E45-0DE5-44D5-9460-484D32356AEB}.Release|Any CPU.ActiveCfg = Release|Any CPU
		{397E0E45-0DE5-44D5-9460-484D32356AEB}.Release|Any CPU.Build.0 = Release|Any CPU
		{7858EAD9-7B84-479F-A9B2-2E749B197A81}.Debug|Any CPU.ActiveCfg = Debug|Any CPU
		{7858EAD9-7B84-479F-A9B2-2E749B197A81}.Debug|Any CPU.Build.0 = Debug|Any CPU
		{7858EAD9-7B84-479F-A9B2-2E749B197A81}.Release|Any CPU.ActiveCfg = Release|Any CPU
		{7858EAD9-7B84-479F-A9B2-2E749B197A81}.Release|Any CPU.Build.0 = Release|Any CPU
		{266898B4-53E4-4625-8B10-548D62159066}.Debug|Any CPU.ActiveCfg = Debug|Any CPU
		{266898B4-53E4-4625-8B10-548D62159066}.Debug|Any CPU.Build.0 = Debug|Any CPU
		{266898B4-53E4-4625-8B10-548D62159066}.Release|Any CPU.ActiveCfg = Release|Any CPU
		{266898B4-53E4-4625-8B10-548D62159066}.Release|Any CPU.Build.0 = Release|Any CPU
	EndGlobalSection
	GlobalSection(SolutionProperties) = preSolution
		HideSolutionNode = FALSE
	EndGlobalSection
	GlobalSection(ExtensibilityGlobals) = postSolution
		SolutionGuid = {0DC6CC53-3006-409D-AC5E-D282C189CC4F}
	EndGlobalSection
EndGlobal
